
Microsoft Visual Studio Solution File, Format Version 12.00
# Visual Studio Version 17
VisualStudioVersion = 17.1.32328.378
MinimumVisualStudioVersion = 10.0.40219.1
Project("{8BC9CEB8-8B4A-11D0-8D11-00A0C91BC942}") = "Ticketing_app_proiect_OOP", "Ticketing_app_proiect_OOP\Ticketing_app_proiect_OOP.vcxproj", "{065B725C-1A6F-48F8-869F-A73ABE4F7A79}"
EndProject
Global
	GlobalSection(SolutionConfigurationPlatforms) = preSolution
		Debug|x64 = Debug|x64
		Debug|x86 = Debug|x86
		Release|x64 = Release|x64
		Release|x86 = Release|x86
	EndGlobalSection
	GlobalSection(ProjectConfigurationPlatforms) = postSolution
		{065B725C-1A6F-48F8-869F-A73ABE4F7A79}.Debug|x64.ActiveCfg = Debug|x64
		{065B725C-1A6F-48F8-869F-A73ABE4F7A79}.Debug|x64.Build.0 = Debug|x64
		{065B725C-1A6F-48F8-869F-A73ABE4F7A79}.Debug|x86.ActiveCfg = Debug|Win32
		{065B725C-1A6F-48F8-869F-A73ABE4F7A79}.Debug|x86.Build.0 = Debug|Win32
		{065B725C-1A6F-48F8-869F-A73ABE4F7A79}.Release|x64.ActiveCfg = Release|x64
		{065B725C-1A6F-48F8-869F-A73ABE4F7A79}.Release|x64.Build.0 = Release|x64
		{065B725C-1A6F-48F8-869F-A73ABE4F7A79}.Release|x86.ActiveCfg = Release|Win32
		{065B725C-1A6F-48F8-869F-A73ABE4F7A79}.Release|x86.Build.0 = Release|Win32
	EndGlobalSection
	GlobalSection(SolutionProperties) = preSolution
		HideSolutionNode = FALSE
	EndGlobalSection
	GlobalSection(ExtensibilityGlobals) = postSolution
		SolutionGuid = {234D2631-CB75-403B-8587-6F38CC12715F}
	EndGlobalSection
EndGlobal
